{
  "name": "@example/main",
  "version": "2.0.0",
  "lockfileVersion": 3,
  "requires": true,
  "packages": {
    "": {
      "name": "@example/main",
      "version": "2.0.0",
      "dependencies": {
        "@example/local": "1.2.3",
        "left-pad": "1.3.0"
      },
      "optionalDependencies": {
        "optional-fixture": "4.0.1"
      },
      "peerDependencies": {
        "@example/host": ">=1 <3"
      }
    },
    "node_modules/@example/local": {
      "version": "1.2.3"
    },
    "node_modules/left-pad": {
      "version": "1.3.0",
      "resolved": "https://registry.npmjs.org/left-pad/-/left-pad-1.3.0.tgz",
      "integrity": "sha512-YWJj",
      "license": "WTFPL"
    },
    "node_modules/optional-fixture": {
      "version": "4.0.1",
      "optional": true,
      "license": "MIT"
    }
  }
}
